hash: 835f009c2da46c10a22ed25d39298e129363be0181807ea9acffea938a247858
updated: 2017-01-21T22:00:17.898553947-05:00
imports:
- name: github.com/golang/gddo
  version: e3ab6feda1be897eaff8b618c197dcf4d1d516b9
- name: github.com/golang/protobuf
  version: e3ab6feda1be897eaff8b618c197dcf4d1d516b9
  subpackages:
  - proto
- name: github.com/google/go-github
  version: e3ab6feda1be897eaff8b618c197dcf4d1d516b9
  subpackages:
  - github
- name: github.com/google/go-querystring
  version: e3ab6feda1be897eaff8b618c197dcf4d1d516b9
  subpackages:
  - query
- name: github.com/sergi/go-diff
  version: 24e2351369ec4949b2ed0dc5c477afdd4c4034e8
  subpackages:
  - diffmatchpatch/...
  - diffmatchpatch
- name: github.com/src-d/gcfg
  version: f187355171c936ac84a82793659ebb4936bc1c23
  subpackages:
  - scanner
  - token
  - types
- name: github.com/urfave/cli
  version: 0bdeddeeb0f650497d603c4ad7b20cfe685682f6
- name: golang.org/x/crypto
  version: b8a2a83acfe6e6770b75de42d5ff4c67596675c0
  subpackages:
  - ssh
  - ssh/agent
  - curve25519
  - ed25519
  - ed25519/internal/edwards25519
- name: golang.org/x/net
  version: e3ab6feda1be897eaff8b618c197dcf4d1d516b9
  subpackages:
  - context
- name: golang.org/x/oauth2
  version: e3ab6feda1be897eaff8b618c197dcf4d1d516b9
  subpackages:
  - internal
- name: google.golang.org/appengine
  version: e3ab6feda1be897eaff8b618c197dcf4d1d516b9
  subpackages:
  - urlfetch
  - internal
  - internal/urlfetch
  - internal/base
  - internal/datastore
  - internal/log
  - internal/remote_api
- name: gopkg.in/src-d/go-git.v4
  version: 51e9a9cc224605572bdc69402827ce560fda855d
  subpackages:
  - plumbing
  - plumbing/format/index
  - plumbing/object
  - storage/filesystem
  - plumbing/transport/http
  - config
  - plumbing/format/packfile
  - plumbing/protocol/packp
  - plumbing/protocol/packp/capability
  - plumbing/protocol/packp/sideband
  - plumbing/revlist
  - plumbing/storer
  - plumbing/transport
  - plumbing/transport/client
  - storage/memory
  - utils/diff
  - utils/ioutil
  - utils/binary
  - plumbing/format/config
  - plumbing/format/idxfile
  - plumbing/format/objfile
  - storage/filesystem/internal/dotgit
  - plumbing/format/pktline
  - plumbing/transport/internal/common
  - plumbing/transport/file
  - plumbing/transport/git
  - plumbing/transport/ssh
  - plumbing/transport/server
- name: gopkg.in/warnings.v0
  version: 8a331561fe74dadba6edfc59f3be66c22c3b065d
- name: srcd.works/go-billy.v1
  version: 6ca1fd6ba86f5929a23633719f5fd413a0046998
  subpackages:
  - os
testImports: []
